
Microsoft Visual Studio Solution File, Format Version 12.00
# Visual Studio Version 16
VisualStudioVersion = 16.0.29709.97
MinimumVisualStudioVersion = 10.0.40219.1
Project("{FAE04EC0-301F-11D3-BF4B-00C04F79EFBC}") = "MVCMusicStoreCodeFirst", "MVCMusicStoreCodeFirst.csproj", "{04E5ECCC-0747-4F51-8D73-3FD5598E0680}"
EndProject
Global
	GlobalSection(SolutionConfigurationPlatforms) = preSolution
		Debug|Any CPU = Debug|Any CPU
		Release|Any CPU = Release|Any CPU
	EndGlobalSection
	GlobalSection(ProjectConfigurationPlatforms) = postSolution
		{04E5ECCC-0747-4F51-8D73-3FD5598E0680}.Debug|Any CPU.ActiveCfg = Debug|Any CPU
		{04E5ECCC-0747-4F51-8D73-3FD5598E0680}.Debug|Any CPU.Build.0 = Debug|Any CPU
		{04E5ECCC-0747-4F51-8D73-3FD5598E0680}.Release|Any CPU.ActiveCfg = Release|Any CPU
		{04E5ECCC-0747-4F51-8D73-3FD5598E0680}.Release|Any CPU.Build.0 = Release|Any CPU
	EndGlobalSection
	GlobalSection(SolutionProperties) = preSolution
		HideSolutionNode = FALSE
	EndGlobalSection
	GlobalSection(ExtensibilityGlobals) = postSolution
		SolutionGuid = {7E45266C-1738-4910-B002-492ADAAB0DFD}
	EndGlobalSection
EndGlobal
